
Microsoft Visual Studio Solution File, Format Version 12.00
# Visual Studio Version 17
VisualStudioVersion = 17.4.33213.308
MinimumVisualStudioVersion = 10.0.40219.1
Project("{2150E333-8FDC-42A3-9474-1A3956D46DE8}") = "Core", "Core", "{3711E526-763A-4BF8-A0B9-2F3932F9B26E}"
EndProject
Project("{2150E333-8FDC-42A3-9474-1A3956D46DE8}") = "Infrastructure", "Infrastructure", "{F7AEB7C8-6B8D-49AA-843B-3F1E643233B5}"
EndProject
Project("{2150E333-8FDC-42A3-9474-1A3956D46DE8}") = "Presentation", "Presentation", "{ED51195A-3174-4CC9-A101-A8CD71969187}"
EndProject
Project("{9A19103F-16F7-4668-BE54-9A1E7A4F7556}") = "Project.Infrastructure", "Infrastructure\Project.Infrastructure\Project.Infrastructure.csproj", "{2DA8D6DD-7535-4E90-8B35-AE453D1F1198}"
EndProject
Project("{9A19103F-16F7-4668-BE54-9A1E7A4F7556}") = "Project.Core", "Core\Project.Core\Project.Core.csproj", "{74FE33FE-FDF6-438F-8370-BD3EBDF9E0AA}"
EndProject
Project("{9A19103F-16F7-4668-BE54-9A1E7A4F7556}") = "Project.Service", "Infrastructure\Project.Service\Project.Service.csproj", "{CED09CDB-58CC-4AAC-AEBE-E6FC375738A9}"
EndProject
Project("{FAE04EC0-301F-11D3-BF4B-00C04F79EFBC}") = "Project.API", "Presentation\Project.API\Project.API\Project.API.csproj", "{5962FBD6-D1FE-4C4A-A9E7-CBC843959646}"
EndProject
Global
	GlobalSection(SolutionConfigurationPlatforms) = preSolution
		Debug|Any CPU = Debug|Any CPU
		Release|Any CPU = Release|Any CPU
	EndGlobalSection
	GlobalSection(ProjectConfigurationPlatforms) = postSolution
		{2DA8D6DD-7535-4E90-8B35-AE453D1F1198}.Debug|Any CPU.ActiveCfg = Debug|Any CPU
		{2DA8D6DD-7535-4E90-8B35-AE453D1F1198}.Debug|Any CPU.Build.0 = Debug|Any CPU
		{2DA8D6DD-7535-4E90-8B35-AE453D1F1198}.Release|Any CPU.ActiveCfg = Release|Any CPU
		{2DA8D6DD-7535-4E90-8B35-AE453D1F1198}.Release|Any CPU.Build.0 = Release|Any CPU
		{74FE33FE-FDF6-438F-8370-BD3EBDF9E0AA}.Debug|Any CPU.ActiveCfg = Debug|Any CPU
		{74FE33FE-FDF6-438F-8370-BD3EBDF9E0AA}.Debug|Any CPU.Build.0 = Debug|Any CPU
		{74FE33FE-FDF6-438F-8370-BD3EBDF9E0AA}.Release|Any CPU.ActiveCfg = Release|Any CPU
		{74FE33FE-FDF6-438F-8370-BD3EBDF9E0AA}.Release|Any CPU.Build.0 = Release|Any CPU
		{CED09CDB-58CC-4AAC-AEBE-E6FC375738A9}.Debug|Any CPU.ActiveCfg = Debug|Any CPU
		{CED09CDB-58CC-4AAC-AEBE-E6FC375738A9}.Debug|Any CPU.Build.0 = Debug|Any CPU
		{CED09CDB-58CC-4AAC-AEBE-E6FC375738A9}.Release|Any CPU.ActiveCfg = Release|Any CPU
		{CED09CDB-58CC-4AAC-AEBE-E6FC375738A9}.Release|Any CPU.Build.0 = Release|Any CPU
		{5962FBD6-D1FE-4C4A-A9E7-CBC843959646}.Debug|Any CPU.ActiveCfg = Debug|Any CPU
		{5962FBD6-D1FE-4C4A-A9E7-CBC843959646}.Debug|Any CPU.Build.0 = Debug|Any CPU
		{5962FBD6-D1FE-4C4A-A9E7-CBC843959646}.Release|Any CPU.ActiveCfg = Release|Any CPU
		{5962FBD6-D1FE-4C4A-A9E7-CBC843959646}.Release|Any CPU.Build.0 = Release|Any CPU
	EndGlobalSection
	GlobalSection(SolutionProperties) = preSolution
		HideSolutionNode = FALSE
	EndGlobalSection
	GlobalSection(NestedProjects) = preSolution
		{2DA8D6DD-7535-4E90-8B35-AE453D1F1198} = {F7AEB7C8-6B8D-49AA-843B-3F1E643233B5}
		{74FE33FE-FDF6-438F-8370-BD3EBDF9E0AA} = {3711E526-763A-4BF8-A0B9-2F3932F9B26E}
		{CED09CDB-58CC-4AAC-AEBE-E6FC375738A9} = {F7AEB7C8-6B8D-49AA-843B-3F1E643233B5}
		{5962FBD6-D1FE-4C4A-A9E7-CBC843959646} = {ED51195A-3174-4CC9-A101-A8CD71969187}
	EndGlobalSection
	GlobalSection(ExtensibilityGlobals) = postSolution
		SolutionGuid = {2A40162A-AFE8-413B-B395-7EBBDEA9311E}
	EndGlobalSection
EndGlobal
